
Microsoft Visual Studio Solution File, Format Version 12.00
# Visual Studio Version 17
VisualStudioVersion = 17.11.35327.3
MinimumVisualStudioVersion = 10.0.40219.1
Project("{9A19103F-16F7-4668-BE54-9A1E7A4F7556}") = "Delta", "Delta\Delta.csproj", "{1BB096B4-B771-4CBA-BF27-C71B3625C209}"
EndProject
Project("{2150E333-8FDC-42A3-9474-1A3956D46DE8}") = "Sample", "Sample", "{E3D23626-57FC-497B-BECB-678708C21BF0}"
EndProject
Project("{9A19103F-16F7-4668-BE54-9A1E7A4F7556}") = "Delta.WPF", "Delta.WPF\Delta.WPF.csproj", "{0606E1EB-EF00-4C3E-ABF0-3D9D67C2BE1F}"
EndProject
Project("{9A19103F-16F7-4668-BE54-9A1E7A4F7556}") = "DeltaWPFSample", "DeltaWPFSample\DeltaWPFSample.csproj", "{736071D7-49CA-40C6-9E98-5BC6F1B2265C}"
EndProject
Global
	GlobalSection(SolutionConfigurationPlatforms) = preSolution
		Debug|Any CPU = Debug|Any CPU
		Release|Any CPU = Release|Any CPU
	EndGlobalSection
	GlobalSection(ProjectConfigurationPlatforms) = postSolution
		{1BB096B4-B771-4CBA-BF27-C71B3625C209}.Debug|Any CPU.ActiveCfg = Debug|Any CPU
		{1BB096B4-B771-4CBA-BF27-C71B3625C209}.Debug|Any CPU.Build.0 = Debug|Any CPU
		{1BB096B4-B771-4CBA-BF27-C71B3625C209}.Release|Any CPU.ActiveCfg = Release|Any CPU
		{1BB096B4-B771-4CBA-BF27-C71B3625C209}.Release|Any CPU.Build.0 = Release|Any CPU
		{0606E1EB-EF00-4C3E-ABF0-3D9D67C2BE1F}.Debug|Any CPU.ActiveCfg = Debug|Any CPU
		{0606E1EB-EF00-4C3E-ABF0-3D9D67C2BE1F}.Debug|Any CPU.Build.0 = Debug|Any CPU
		{0606E1EB-EF00-4C3E-ABF0-3D9D67C2BE1F}.Release|Any CPU.ActiveCfg = Release|Any CPU
		{0606E1EB-EF00-4C3E-ABF0-3D9D67C2BE1F}.Release|Any CPU.Build.0 = Release|Any CPU
		{736071D7-49CA-40C6-9E98-5BC6F1B2265C}.Debug|Any CPU.ActiveCfg = Debug|Any CPU
		{736071D7-49CA-40C6-9E98-5BC6F1B2265C}.Debug|Any CPU.Build.0 = Debug|Any CPU
		{736071D7-49CA-40C6-9E98-5BC6F1B2265C}.Release|Any CPU.ActiveCfg = Release|Any CPU
		{736071D7-49CA-40C6-9E98-5BC6F1B2265C}.Release|Any CPU.Build.0 = Release|Any CPU
	EndGlobalSection
	GlobalSection(SolutionProperties) = preSolution
		HideSolutionNode = FALSE
	EndGlobalSection
	GlobalSection(NestedProjects) = preSolution
		{736071D7-49CA-40C6-9E98-5BC6F1B2265C} = {E3D23626-57FC-497B-BECB-678708C21BF0}
	EndGlobalSection
	GlobalSection(ExtensibilityGlobals) = postSolution
		SolutionGuid = {60E634DF-C48E-4831-AB77-BDA337A7DF2C}
	EndGlobalSection
EndGlobal
